
Microsoft Visual Studio Solution File, Format Version 12.00
# Visual Studio Version 17
VisualStudioVersion = 17.4.33205.214
MinimumVisualStudioVersion = 10.0.40219.1
Project("{8BC9CEB8-8B4A-11D0-8D11-00A0C91BC942}") = "CLANG", "CLANG\CLANG.vcxproj", "{48EA6D59-9A9A-4C6B-BE19-8648BB9976D3}"
EndProject
Project("{8BC9CEB8-8B4A-11D0-8D11-00A0C91BC942}") = "Labos_01", "Labos_01\Labos_01.vcxproj", "{589AD443-BE4C-4124-BC96-A197F798C4E6}"
EndProject
Project("{8BC9CEB8-8B4A-11D0-8D11-00A0C91BC942}") = "Predavanje_04", "Predavanje_04\Predavanje_04.vcxproj", "{0C64DCB5-161C-4041-8C05-1B1F2676E525}"
EndProject
Project("{8BC9CEB8-8B4A-11D0-8D11-00A0C91BC942}") = "Labos_02", "Labos_02\Labos_02.vcxproj", "{74FA10C4-96B4-471C-9BB2-543579579F51}"
EndProject
Project("{8BC9CEB8-8B4A-11D0-8D11-00A0C91BC942}") = "Predavanje_05", "Predavanje_05\Predavanje_05.vcxproj", "{8F04C400-BAA1-4A8B-AD62-4DF54EDEDE8D}"
EndProject
Project("{8BC9CEB8-8B4A-11D0-8D11-00A0C91BC942}") = "Predavanje_06", "Predavanje_06\Predavanje_06.vcxproj", "{4946D7BD-81E6-43FE-A45E-83E3896FA233}"
EndProject
Project("{8BC9CEB8-8B4A-11D0-8D11-00A0C91BC942}") = "Labos_03", "Labos_03\Labos_03.vcxproj", "{11B1D778-1F07-43AF-8C68-1AD39EFFFB23}"
EndProject
Project("{8BC9CEB8-8B4A-11D0-8D11-00A0C91BC942}") = "Predavanje_07", "Predavanje_07\Predavanje_07.vcxproj", "{BC4F2D59-EACD-4D30-A64C-8A5A49ABA4EA}"
EndProject
Project("{8BC9CEB8-8B4A-11D0-8D11-00A0C91BC942}") = "Kolokvij_1", "Kolokvij\Kolokvij.vcxproj", "{EE7A6C84-CB85-4C33-8578-7B671CC5D161}"
EndProject
Project("{8BC9CEB8-8B4A-11D0-8D11-00A0C91BC942}") = "Kolokvij_2", "Kolokvij_2\Kolokvij_2.vcxproj", "{5FEFB666-CA9B-494F-BEED-F24446281A70}"
EndProject
Project("{8BC9CEB8-8B4A-11D0-8D11-00A0C91BC942}") = "Kolokvij_3", "Kolokvij_3\Kolokvij_3.vcxproj", "{6C80CBC8-F13D-4268-B57D-6EA8565C6007}"
EndProject
Project("{8BC9CEB8-8B4A-11D0-8D11-00A0C91BC942}") = "Predavanje_09", "Predavanje_09\Predavanje_09.vcxproj", "{C400F4C0-DC00-4EC6-8FC7-1519584395F4}"
EndProject
Project("{8BC9CEB8-8B4A-11D0-8D11-00A0C91BC942}") = "Labos_04", "Labos_04\Labos_04.vcxproj", "{CF40DFF2-8195-4A53-B7C9-2ECCF59D9C86}"
EndProject
Project("{8BC9CEB8-8B4A-11D0-8D11-00A0C91BC942}") = "Predavanje_10", "Predavanje_10\Predavanje_10.vcxproj", "{D505AB0D-0308-40F1-88B7-AEEF2D08C14D}"
EndProject
Global
	GlobalSection(SolutionConfigurationPlatforms) = preSolution
		Debug|x64 = Debug|x64
		Debug|x86 = Debug|x86
		Release|x64 = Release|x64
		Release|x86 = Release|x86
	EndGlobalSection
	GlobalSection(ProjectConfigurationPlatforms) = postSolution
		{48EA6D59-9A9A-4C6B-BE19-8648BB9976D3}.Debug|x64.ActiveCfg = Debug|x64
		{48EA6D59-9A9A-4C6B-BE19-8648BB9976D3}.Debug|x64.Build.0 = Debug|x64
		{48EA6D59-9A9A-4C6B-BE19-8648BB9976D3}.Debug|x86.ActiveCfg = Debug|Win32
		{48EA6D59-9A9A-4C6B-BE19-8648BB9976D3}.Debug|x86.Build.0 = Debug|Win32
		{48EA6D59-9A9A-4C6B-BE19-8648BB9976D3}.Release|x64.ActiveCfg = Release|x64
		{48EA6D59-9A9A-4C6B-BE19-8648BB9976D3}.Release|x64.Build.0 = Release|x64
		{48EA6D59-9A9A-4C6B-BE19-8648BB9976D3}.Release|x86.ActiveCfg = Release|Win32
		{48EA6D59-9A9A-4C6B-BE19-8648BB9976D3}.Release|x86.Build.0 = Release|Win32
		{589AD443-BE4C-4124-BC96-A197F798C4E6}.Debug|x64.ActiveCfg = Debug|x64
		{589AD443-BE4C-4124-BC96-A197F798C4E6}.Debug|x64.Build.0 = Debug|x64
		{589AD443-BE4C-4124-BC96-A197F798C4E6}.Debug|x86.ActiveCfg = Debug|Win32
		{589AD443-BE4C-4124-BC96-A197F798C4E6}.Debug|x86.Build.0 = Debug|Win32
		{589AD443-BE4C-4124-BC96-A197F798C4E6}.Release|x64.ActiveCfg = Release|x64
		{589AD443-BE4C-4124-BC96-A197F798C4E6}.Release|x64.Build.0 = Release|x64
		{589AD443-BE4C-4124-BC96-A197F798C4E6}.Release|x86.ActiveCfg = Release|Win32
		{589AD443-BE4C-4124-BC96-A197F798C4E6}.Release|x86.Build.0 = Release|Win32
		{0C64DCB5-161C-4041-8C05-1B1F2676E525}.Debug|x64.ActiveCfg = Debug|x64
		{0C64DCB5-161C-4041-8C05-1B1F2676E525}.Debug|x64.Build.0 = Debug|x64
		{0C64DCB5-161C-4041-8C05-1B1F2676E525}.Debug|x86.ActiveCfg = Debug|Win32
		{0C64DCB5-161C-4041-8C05-1B1F2676E525}.Debug|x86.Build.0 = Debug|Win32
		{0C64DCB5-161C-4041-8C05-1B1F2676E525}.Release|x64.ActiveCfg = Release|x64
		{0C64DCB5-161C-4041-8C05-1B1F2676E525}.Release|x64.Build.0 = Release|x64
		{0C64DCB5-161C-4041-8C05-1B1F2676E525}.Release|x86.ActiveCfg = Release|Win32
		{0C64DCB5-161C-4041-8C05-1B1F2676E525}.Release|x86.Build.0 = Release|Win32
		{74FA10C4-96B4-471C-9BB2-543579579F51}.Debug|x64.ActiveCfg = Debug|x64
		{74FA10C4-96B4-471C-9BB2-543579579F51}.Debug|x64.Build.0 = Debug|x64
		{74FA10C4-96B4-471C-9BB2-543579579F51}.Debug|x86.ActiveCfg = Debug|Win32
		{74FA10C4-96B4-471C-9BB2-543579579F51}.Debug|x86.Build.0 = Debug|Win32
		{74FA10C4-96B4-471C-9BB2-543579579F51}.Release|x64.ActiveCfg = Release|x64
		{74FA10C4-96B4-471C-9BB2-543579579F51}.Release|x64.Build.0 = Release|x64
		{74FA10C4-96B4-471C-9BB2-543579579F51}.Release|x86.ActiveCfg = Release|Win32
		{74FA10C4-96B4-471C-9BB2-543579579F51}.Release|x86.Build.0 = Release|Win32
		{8F04C400-BAA1-4A8B-AD62-4DF54EDEDE8D}.Debug|x64.ActiveCfg = Debug|x64
		{8F04C400-BAA1-4A8B-AD62-4DF54EDEDE8D}.Debug|x64.Build.0 = Debug|x64
		{8F04C400-BAA1-4A8B-AD62-4DF54EDEDE8D}.Debug|x86.ActiveCfg = Debug|Win32
		{8F04C400-BAA1-4A8B-AD62-4DF54EDEDE8D}.Debug|x86.Build.0 = Debug|Win32
		{8F04C400-BAA1-4A8B-AD62-4DF54EDEDE8D}.Release|x64.ActiveCfg = Release|x64
		{8F04C400-BAA1-4A8B-AD62-4DF54EDEDE8D}.Release|x64.Build.0 = Release|x64
		{8F04C400-BAA1-4A8B-AD62-4DF54EDEDE8D}.Release|x86.ActiveCfg = Release|Win32
		{8F04C400-BAA1-4A8B-AD62-4DF54EDEDE8D}.Release|x86.Build.0 = Release|Win32
		{4946D7BD-81E6-43FE-A45E-83E3896FA233}.Debug|x64.ActiveCfg = Debug|x64
		{4946D7BD-81E6-43FE-A45E-83E3896FA233}.Debug|x64.Build.0 = Debug|x64
		{4946D7BD-81E6-43FE-A45E-83E3896FA233}.Debug|x86.ActiveCfg = Debug|Win32
		{4946D7BD-81E6-43FE-A45E-83E3896FA233}.Debug|x86.Build.0 = Debug|Win32
		{4946D7BD-81E6-43FE-A45E-83E3896FA233}.Release|x64.ActiveCfg = Release|x64
		{4946D7BD-81E6-43FE-A45E-83E3896FA233}.Release|x64.Build.0 = Release|x64
		{4946D7BD-81E6-43FE-A45E-83E3896FA233}.Release|x86.ActiveCfg = Release|Win32
		{4946D7BD-81E6-43FE-A45E-83E3896FA233}.Release|x86.Build.0 = Release|Win32
		{11B1D778-1F07-43AF-8C68-1AD39EFFFB23}.Debug|x64.ActiveCfg = Debug|x64
		{11B1D778-1F07-43AF-8C68-1AD39EFFFB23}.Debug|x64.Build.0 = Debug|x64
		{11B1D778-1F07-43AF-8C68-1AD39EFFFB23}.Debug|x86.ActiveCfg = Debug|Win32
		{11B1D778-1F07-43AF-8C68-1AD39EFFFB23}.Debug|x86.Build.0 = Debug|Win32
		{11B1D778-1F07-43AF-8C68-1AD39EFFFB23}.Release|x64.ActiveCfg = Release|x64
		{11B1D778-1F07-43AF-8C68-1AD39EFFFB23}.Release|x64.Build.0 = Release|x64
		{11B1D778-1F07-43AF-8C68-1AD39EFFFB23}.Release|x86.ActiveCfg = Release|Win32
		{11B1D778-1F07-43AF-8C68-1AD39EFFFB23}.Release|x86.Build.0 = Release|Win32
		{BC4F2D59-EACD-4D30-A64C-8A5A49ABA4EA}.Debug|x64.ActiveCfg = Debug|x64
		{BC4F2D59-EACD-4D30-A64C-8A5A49ABA4EA}.Debug|x64.Build.0 = Debug|x64
		{BC4F2D59-EACD-4D30-A64C-8A5A49ABA4EA}.Debug|x86.ActiveCfg = Debug|Win32
		{BC4F2D59-EACD-4D30-A64C-8A5A49ABA4EA}.Debug|x86.Build.0 = Debug|Win32
		{BC4F2D59-EACD-4D30-A64C-8A5A49ABA4EA}.Release|x64.ActiveCfg = Release|x64
		{BC4F2D59-EACD-4D30-A64C-8A5A49ABA4EA}.Release|x64.Build.0 = Release|x64
		{BC4F2D59-EACD-4D30-A64C-8A5A49ABA4EA}.Release|x86.ActiveCfg = Release|Win32
		{BC4F2D59-EACD-4D30-A64C-8A5A49ABA4EA}.Release|x86.Build.0 = Release|Win32
		{EE7A6C84-CB85-4C33-8578-7B671CC5D161}.Debug|x64.ActiveCfg = Debug|x64
		{EE7A6C84-CB85-4C33-8578-7B671CC5D161}.Debug|x64.Build.0 = Debug|x64
		{EE7A6C84-CB85-4C33-8578-7B671CC5D161}.Debug|x86.ActiveCfg = Debug|Win32
		{EE7A6C84-CB85-4C33-8578-7B671CC5D161}.Debug|x86.Build.0 = Debug|Win32
		{EE7A6C84-CB85-4C33-8578-7B671CC5D161}.Release|x64.ActiveCfg = Release|x64
		{EE7A6C84-CB85-4C33-8578-7B671CC5D161}.Release|x64.Build.0 = Release|x64
		{EE7A6C84-CB85-4C33-8578-7B671CC5D161}.Release|x86.ActiveCfg = Release|Win32
		{EE7A6C84-CB85-4C33-8578-7B671CC5D161}.Release|x86.Build.0 = Release|Win32
		{5FEFB666-CA9B-494F-BEED-F24446281A70}.Debug|x64.ActiveCfg = Debug|x64
		{5FEFB666-CA9B-494F-BEED-F24446281A70}.Debug|x64.Build.0 = Debug|x64
		{5FEFB666-CA9B-494F-BEED-F24446281A70}.Debug|x86.ActiveCfg = Debug|Win32
		{5FEFB666-CA9B-494F-BEED-F24446281A70}.Debug|x86.Build.0 = Debug|Win32
		{5FEFB666-CA9B-494F-BEED-F24446281A70}.Release|x64.ActiveCfg = Release|x64
		{5FEFB666-CA9B-494F-BEED-F24446281A70}.Release|x64.Build.0 = Release|x64
		{5FEFB666-CA9B-494F-BEED-F24446281A70}.Release|x86.ActiveCfg = Release|Win32
		{5FEFB666-CA9B-494F-BEED-F24446281A70}.Release|x86.Build.0 = Release|Win32
		{6C80CBC8-F13D-4268-B57D-6EA8565C6007}.Debug|x64.ActiveCfg = Debug|x64
		{6C80CBC8-F13D-4268-B57D-6EA8565C6007}.Debug|x64.Build.0 = Debug|x64
		{6C80CBC8-F13D-4268-B57D-6EA8565C6007}.Debug|x86.ActiveCfg = Debug|Win32
		{6C80CBC8-F13D-4268-B57D-6EA8565C6007}.Debug|x86.Build.0 = Debug|Win32
		{6C80CBC8-F13D-4268-B57D-6EA8565C6007}.Release|x64.ActiveCfg = Release|x64
		{6C80CBC8-F13D-4268-B57D-6EA8565C6007}.Release|x64.Build.0 = Release|x64
		{6C80CBC8-F13D-4268-B57D-6EA8565C6007}.Release|x86.ActiveCfg = Release|Win32
		{6C80CBC8-F13D-4268-B57D-6EA8565C6007}.Release|x86.Build.0 = Release|Win32
		{C400F4C0-DC00-4EC6-8FC7-1519584395F4}.Debug|x64.ActiveCfg = Debug|x64
		{C400F4C0-DC00-4EC6-8FC7-1519584395F4}.Debug|x64.Build.0 = Debug|x64
		{C400F4C0-DC00-4EC6-8FC7-1519584395F4}.Debug|x86.ActiveCfg = Debug|Win32
		{C400F4C0-DC00-4EC6-8FC7-1519584395F4}.Debug|x86.Build.0 = Debug|Win32
		{C400F4C0-DC00-4EC6-8FC7-1519584395F4}.Release|x64.ActiveCfg = Release|x64
		{C400F4C0-DC00-4EC6-8FC7-1519584395F4}.Release|x64.Build.0 = Release|x64
		{C400F4C0-DC00-4EC6-8FC7-1519584395F4}.Release|x86.ActiveCfg = Release|Win32
		{C400F4C0-DC00-4EC6-8FC7-1519584395F4}.Release|x86.Build.0 = Release|Win32
		{CF40DFF2-8195-4A53-B7C9-2ECCF59D9C86}.Debug|x64.ActiveCfg = Debug|x64
		{CF40DFF2-8195-4A53-B7C9-2ECCF59D9C86}.Debug|x64.Build.0 = Debug|x64
		{CF40DFF2-8195-4A53-B7C9-2ECCF59D9C86}.Debug|x86.ActiveCfg = Debug|Win32
		{CF40DFF2-8195-4A53-B7C9-2ECCF59D9C86}.Debug|x86.Build.0 = Debug|Win32
		{CF40DFF2-8195-4A53-B7C9-2ECCF59D9C86}.Release|x64.ActiveCfg = Release|x64
		{CF40DFF2-8195-4A53-B7C9-2ECCF59D9C86}.Release|x64.Build.0 = Release|x64
		{CF40DFF2-8195-4A53-B7C9-2ECCF59D9C86}.Release|x86.ActiveCfg = Release|Win32
		{CF40DFF2-8195-4A53-B7C9-2ECCF59D9C86}.Release|x86.Build.0 = Release|Win32
		{D505AB0D-0308-40F1-88B7-AEEF2D08C14D}.Debug|x64.ActiveCfg = Debug|x64
		{D505AB0D-0308-40F1-88B7-AEEF2D08C14D}.Debug|x64.Build.0 = Debug|x64
		{D505AB0D-0308-40F1-88B7-AEEF2D08C14D}.Debug|x86.ActiveCfg = Debug|Win32
		{D505AB0D-0308-40F1-88B7-AEEF2D08C14D}.Debug|x86.Build.0 = Debug|Win32
		{D505AB0D-0308-40F1-88B7-AEEF2D08C14D}.Release|x64.ActiveCfg = Release|x64
		{D505AB0D-0308-40F1-88B7-AEEF2D08C14D}.Release|x64.Build.0 = Release|x64
		{D505AB0D-0308-40F1-88B7-AEEF2D08C14D}.Release|x86.ActiveCfg = Release|Win32
		{D505AB0D-0308-40F1-88B7-AEEF2D08C14D}.Release|x86.Build.0 = Release|Win32
	EndGlobalSection
	GlobalSection(SolutionProperties) = preSolution
		HideSolutionNode = FALSE
	EndGlobalSection
	GlobalSection(ExtensibilityGlobals) = postSolution
		SolutionGuid = {89C1C016-2188-414C-ADEC-66474E24330F}
	EndGlobalSection
EndGlobal
